
Microsoft Visual Studio Solution File, Format Version 12.00
# Visual Studio Version 17
VisualStudioVersion = 17.4.33103.184
MinimumVisualStudioVersion = 10.0.40219.1
Project("{FAE04EC0-301F-11D3-BF4B-00C04F79EFBC}") = "lab_2_3sem", "lab_2_3sem\lab_2_3sem.csproj", "{72CEB613-1B42-4AD9-BB99-5DE8544F118C}"
EndProject
Global
	GlobalSection(SolutionConfigurationPlatforms) = preSolution
		Debug|Any CPU = Debug|Any CPU
		Release|Any CPU = Release|Any CPU
	EndGlobalSection
	GlobalSection(ProjectConfigurationPlatforms) = postSolution
		{72CEB613-1B42-4AD9-BB99-5DE8544F118C}.Debug|Any CPU.ActiveCfg = Debug|Any CPU
		{72CEB613-1B42-4AD9-BB99-5DE8544F118C}.Debug|Any CPU.Build.0 = Debug|Any CPU
		{72CEB613-1B42-4AD9-BB99-5DE8544F118C}.Release|Any CPU.ActiveCfg = Release|Any CPU
		{72CEB613-1B42-4AD9-BB99-5DE8544F118C}.Release|Any CPU.Build.0 = Release|Any CPU
	EndGlobalSection
	GlobalSection(SolutionProperties) = preSolution
		HideSolutionNode = FALSE
	EndGlobalSection
	GlobalSection(ExtensibilityGlobals) = postSolution
		SolutionGuid = {75051536-683B-4D82-B80A-881B2127908E}
	EndGlobalSection
EndGlobal
